
Microsoft Visual Studio Solution File, Format Version 12.00
# Visual Studio 2013
VisualStudioVersion = 12.0.21005.1
MinimumVisualStudioVersion = 10.0.40219.1
Project("{FAE04EC0-301F-11D3-BF4B-00C04F79EFBC}") = "LocationProvider", "LocationProvider\LocationProvider.csproj", "{7FFE7A07-53AE-47A0-883B-225E5055E96B}"
EndProject
Project("{FAE04EC0-301F-11D3-BF4B-00C04F79EFBC}") = "LocationProviderTests", "LocationProviderTests\LocationProviderTests.csproj", "{325FD13A-2AD4-4134-88B4-1F44E8C1479D}"
	ProjectSection(ProjectDependencies) = postProject
		{7FFE7A07-53AE-47A0-883B-225E5055E96B} = {7FFE7A07-53AE-47A0-883B-225E5055E96B}
	EndProjectSection
EndProject
Project("{FAE04EC0-301F-11D3-BF4B-00C04F79EFBC}") = "LocationDemo", "LocationDemo\LocationDemo.csproj", "{BF18BCE4-DE0E-4767-B937-736C0BDA459C}"
	ProjectSection(ProjectDependencies) = postProject
		{7FFE7A07-53AE-47A0-883B-225E5055E96B} = {7FFE7A07-53AE-47A0-883B-225E5055E96B}
	EndProjectSection
EndProject
Global
	GlobalSection(SolutionConfigurationPlatforms) = preSolution
		Debug|Any CPU = Debug|Any CPU
		Release|Any CPU = Release|Any CPU
	EndGlobalSection
	GlobalSection(ProjectConfigurationPlatforms) = postSolution
		{7FFE7A07-53AE-47A0-883B-225E5055E96B}.Debug|Any CPU.ActiveCfg = Debug|Any CPU
		{7FFE7A07-53AE-47A0-883B-225E5055E96B}.Debug|Any CPU.Build.0 = Debug|Any CPU
		{7FFE7A07-53AE-47A0-883B-225E5055E96B}.Release|Any CPU.ActiveCfg = Release|Any CPU
		{7FFE7A07-53AE-47A0-883B-225E5055E96B}.Release|Any CPU.Build.0 = Release|Any CPU
		{325FD13A-2AD4-4134-88B4-1F44E8C1479D}.Debug|Any CPU.ActiveCfg = Debug|Any CPU
		{325FD13A-2AD4-4134-88B4-1F44E8C1479D}.Debug|Any CPU.Build.0 = Debug|Any CPU
		{325FD13A-2AD4-4134-88B4-1F44E8C1479D}.Release|Any CPU.ActiveCfg = Release|Any CPU
		{325FD13A-2AD4-4134-88B4-1F44E8C1479D}.Release|Any CPU.Build.0 = Release|Any CPU
		{BF18BCE4-DE0E-4767-B937-736C0BDA459C}.Debug|Any CPU.ActiveCfg = Debug|Any CPU
		{BF18BCE4-DE0E-4767-B937-736C0BDA459C}.Debug|Any CPU.Build.0 = Debug|Any CPU
		{BF18BCE4-DE0E-4767-B937-736C0BDA459C}.Release|Any CPU.ActiveCfg = Release|Any CPU
		{BF18BCE4-DE0E-4767-B937-736C0BDA459C}.Release|Any CPU.Build.0 = Release|Any CPU
	EndGlobalSection
	GlobalSection(SolutionProperties) = preSolution
		HideSolutionNode = FALSE
	EndGlobalSection
EndGlobal
